PODS:
  - KeychainSwift (20.0.0)
  - SwiftLint (0.51.0)

DEPENDENCIES:
  - KeychainSwift (~> 20.0)
  - SwiftLint

SPEC REPOS:
  trunk:
    - KeychainSwift
    - SwiftLint

SPEC CHECKSUMS:
  KeychainSwift: 0ce6a4d13f7228054d1a71bb1b500448fb2ab837
  SwiftLint: 1b7561918a19e23bfed960e40759086e70f4dba5

PODFILE CHECKSUM: fc270d82ce60e3f737d60673e7d029ed29090927

COCOAPODS: 1.12.0
