// !$*UTF8*$!
{
	archiveVersion = 1;
	classes = {
	};
	objectVersion = 56;
	objects = {

/* Begin PBXBuildFile section */
		9B4AD16E402A261F16FCD682 /* Pods_MobileUpGallery.framework in Frameworks */ = {isa = PBXBuildFile; fileRef = 1CE22C276B65BDCD7D1108CE /* Pods_MobileUpGallery.framework */; };
		E936291329F6C75400FB7FA5 /* AppDelegate.swift in Sources */ = {isa = PBXBuildFile; fileRef = E936291229F6C75400FB7FA5 /* AppDelegate.swift */; };
		E936291C29F6C75900FB7FA5 /* Assets.xcassets in Resources */ = {isa = PBXBuildFile; fileRef = E936291B29F6C75900FB7FA5 /* Assets.xcassets */; };
		E936291F29F6C75900FB7FA5 /* LaunchScreen.storyboard in Resources */ = {isa = PBXBuildFile; fileRef = E936291D29F6C75900FB7FA5 /* LaunchScreen.storyboard */; };
		E940858F29F9677400E6F596 /* AuthorizationWebViewController.swift in Sources */ = {isa = PBXBuildFile; fileRef = E940858E29F9677400E6F596 /* AuthorizationWebViewController.swift */; };
		E940859129F9678D00E6F596 /* AuthorizationWebViewInput.swift in Sources */ = {isa = PBXBuildFile; fileRef = E940859029F9678D00E6F596 /* AuthorizationWebViewInput.swift */; };
		E940859329F967AC00E6F596 /* AuthorizationWebViewOutput.swift in Sources */ = {isa = PBXBuildFile; fileRef = E940859229F967AC00E6F596 /* AuthorizationWebViewOutput.swift */; };
		E940859629F9688B00E6F596 /* AuthorizationPresenter.swift in Sources */ = {isa = PBXBuildFile; fileRef = E940859529F9688B00E6F596 /* AuthorizationPresenter.swift */; };
		E940859829F968E300E6F596 /* AuthorizationModuleOutput.swift in Sources */ = {isa = PBXBuildFile; fileRef = E940859729F968E300E6F596 /* AuthorizationModuleOutput.swift */; };
		E940859A29F96A1B00E6F596 /* AuthorizationAssembly.swift in Sources */ = {isa = PBXBuildFile; fileRef = E940859929F96A1B00E6F596 /* AuthorizationAssembly.swift */; };
		E95202E229FAFE1E005D0001 /* APIModels.swift in Sources */ = {isa = PBXBuildFile; fileRef = E95202E129FAFE1E005D0001 /* APIModels.swift */; };
		E95202E529FB7906005D0001 /* PhotoCollectionServiceProtocol.swift in Sources */ = {isa = PBXBuildFile; fileRef = E95202E429FB7906005D0001 /* PhotoCollectionServiceProtocol.swift */; };
		E95202E729FB792C005D0001 /* PhotoCollectionService.swift in Sources */ = {isa = PBXBuildFile; fileRef = E95202E629FB792C005D0001 /* PhotoCollectionService.swift */; };
		E95202EA29FB7B21005D0001 /* PhotoModel.swift in Sources */ = {isa = PBXBuildFile; fileRef = E95202E929FB7B21005D0001 /* PhotoModel.swift */; };
		E95202EC29FB7BF8005D0001 /* VKErrorModel.swift in Sources */ = {isa = PBXBuildFile; fileRef = E95202EB29FB7BF8005D0001 /* VKErrorModel.swift */; };
		E95202EF29FBA4D2005D0001 /* ImageServiceProtocol.swift in Sources */ = {isa = PBXBuildFile; fileRef = E95202EE29FBA4D2005D0001 /* ImageServiceProtocol.swift */; };
		E95202F129FBA4E0005D0001 /* ImageService.swift in Sources */ = {isa = PBXBuildFile; fileRef = E95202F029FBA4E0005D0001 /* ImageService.swift */; };
		E9B1533129FA60F6009CCB3E /* KeyChainServiceProtocol.swift in Sources */ = {isa = PBXBuildFile; fileRef = E9B1533029FA60F6009CCB3E /* KeyChainServiceProtocol.swift */; };
		E9B1533329FA6102009CCB3E /* KeyChainService.swift in Sources */ = {isa = PBXBuildFile; fileRef = E9B1533229FA6102009CCB3E /* KeyChainService.swift */; };
		E9B1533829FA9401009CCB3E /* PhotoCollectionViewController.swift in Sources */ = {isa = PBXBuildFile; fileRef = E9B1533729FA9401009CCB3E /* PhotoCollectionViewController.swift */; };
		E9B1533A29FA9428009CCB3E /* PhotoCollectionViewInput.swift in Sources */ = {isa = PBXBuildFile; fileRef = E9B1533929FA9428009CCB3E /* PhotoCollectionViewInput.swift */; };
		E9B1533C29FA94A8009CCB3E /* PhotoCollectionViewOutput.swift in Sources */ = {isa = PBXBuildFile; fileRef = E9B1533B29FA94A8009CCB3E /* PhotoCollectionViewOutput.swift */; };
		E9B1533E29FA952A009CCB3E /* PhotoCollectionPresenter.swift in Sources */ = {isa = PBXBuildFile; fileRef = E9B1533D29FA952A009CCB3E /* PhotoCollectionPresenter.swift */; };
		E9B1534029FA9567009CCB3E /* PhotoCollectionModuleOutput.swift in Sources */ = {isa = PBXBuildFile; fileRef = E9B1533F29FA9567009CCB3E /* PhotoCollectionModuleOutput.swift */; };
		E9B1534229FA95EB009CCB3E /* PhotoCollectionAssembly.swift in Sources */ = {isa = PBXBuildFile; fileRef = E9B1534129FA95EB009CCB3E /* PhotoCollectionAssembly.swift */; };
		E9B1534529FAB99E009CCB3E /* PhotoCollectionViewCell.swift in Sources */ = {isa = PBXBuildFile; fileRef = E9B1534429FAB99E009CCB3E /* PhotoCollectionViewCell.swift */; };
		E9CEB8B929F7C16800CA1759 /* LoginViewController.swift in Sources */ = {isa = PBXBuildFile; fileRef = E9CEB8B829F7C16800CA1759 /* LoginViewController.swift */; };
		E9CEB8BB29F7C1FD00CA1759 /* LoginPresenter.swift in Sources */ = {isa = PBXBuildFile; fileRef = E9CEB8BA29F7C1FD00CA1759 /* LoginPresenter.swift */; };
		E9CEB8BD29F7C28D00CA1759 /* LoginModuleOutput.swift in Sources */ = {isa = PBXBuildFile; fileRef = E9CEB8BC29F7C28D00CA1759 /* LoginModuleOutput.swift */; };
		E9CEB8C129F7C2EF00CA1759 /* NetworkService.swift in Sources */ = {isa = PBXBuildFile; fileRef = E9CEB8C029F7C2EF00CA1759 /* NetworkService.swift */; };
		E9CEB8C329F7C33600CA1759 /* NetworkServiceProtocol.swift in Sources */ = {isa = PBXBuildFile; fileRef = E9CEB8C229F7C33600CA1759 /* NetworkServiceProtocol.swift */; };
		E9CEB8C529F7C43A00CA1759 /* LoginViewInput.swift in Sources */ = {isa = PBXBuildFile; fileRef = E9CEB8C429F7C43A00CA1759 /* LoginViewInput.swift */; };
		E9CEB8C729F7C45F00CA1759 /* LoginViewOutput.swift in Sources */ = {isa = PBXBuildFile; fileRef = E9CEB8C629F7C45F00CA1759 /* LoginViewOutput.swift */; };
		E9CEB8C929F7C5CD00CA1759 /* AuthorizationService.swift in Sources */ = {isa = PBXBuildFile; fileRef = E9CEB8C829F7C5CD00CA1759 /* AuthorizationService.swift */; };
		E9CEB8CC29F7C5FA00CA1759 /* AuthorizationServiceProtocol.swift in Sources */ = {isa = PBXBuildFile; fileRef = E9CEB8CB29F7C5FA00CA1759 /* AuthorizationServiceProtocol.swift */; };
		E9CEB8CF29F7C7FB00CA1759 /* ServiceAssembly.swift in Sources */ = {isa = PBXBuildFile; fileRef = E9CEB8CE29F7C7FB00CA1759 /* ServiceAssembly.swift */; };
		E9CEB8D129F7C87A00CA1759 /* LoginAssembly.swift in Sources */ = {isa = PBXBuildFile; fileRef = E9CEB8D029F7C87A00CA1759 /* LoginAssembly.swift */; };
		E9CEB8D429F7C9C200CA1759 /* RootCoordinator.swift in Sources */ = {isa = PBXBuildFile; fileRef = E9CEB8D329F7C9C200CA1759 /* RootCoordinator.swift */; };
		E9CEB8D829F7DCD800CA1759 /* Localizable.strings in Resources */ = {isa = PBXBuildFile; fileRef = E9CEB8DA29F7DCD800CA1759 /* Localizable.strings */; };
/* End PBXBuildFile section */

/* Begin PBXFileReference section */
		1CE22C276B65BDCD7D1108CE /* Pods_MobileUpGallery.framework */ = {isa = PBXFileReference; explicitFileType = wrapper.framework; includeInIndex = 0; path = Pods_MobileUpGallery.framework; sourceTree = BUILT_PRODUCTS_DIR; };
		79BBF295A3876DF2F6559A7A /* Pods-MobileUpGallery.release.xcconfig */ = {isa = PBXFileReference; includeInIndex = 1; lastKnownFileType = text.xcconfig; name = "Pods-MobileUpGallery.release.xcconfig"; path = "Target Support Files/Pods-MobileUpGallery/Pods-MobileUpGallery.release.xcconfig"; sourceTree = "<group>"; };
		E16C624E81B89E5C02F438C1 /* Pods-MobileUpGallery.debug.xcconfig */ = {isa = PBXFileReference; includeInIndex = 1; lastKnownFileType = text.xcconfig; name = "Pods-MobileUpGallery.debug.xcconfig"; path = "Target Support Files/Pods-MobileUpGallery/Pods-MobileUpGallery.debug.xcconfig"; sourceTree = "<group>"; };
		E936290F29F6C75400FB7FA5 /* MobileUpGallery.app */ = {isa = PBXFileReference; explicitFileType = wrapper.application; includeInIndex = 0; path = MobileUpGallery.app; sourceTree = BUILT_PRODUCTS_DIR; };
		E936291229F6C75400FB7FA5 /* AppDelegate.swift */ = {isa = PBXFileReference; lastKnownFileType = sourcecode.swift; path = AppDelegate.swift; sourceTree = "<group>"; };
		E936291B29F6C75900FB7FA5 /* Assets.xcassets */ = {isa = PBXFileReference; lastKnownFileType = folder.assetcatalog; path = Assets.xcassets; sourceTree = "<group>"; };
		E936291E29F6C75900FB7FA5 /* Base */ = {isa = PBXFileReference; lastKnownFileType = file.storyboard; name = Base; path = Base.lproj/LaunchScreen.storyboard; sourceTree = "<group>"; };
		E936292029F6C75900FB7FA5 /* Info.plist */ = {isa = PBXFileReference; lastKnownFileType = text.plist.xml; path = Info.plist; sourceTree = "<group>"; };
		E940858E29F9677400E6F596 /* AuthorizationWebViewController.swift */ = {isa = PBXFileReference; lastKnownFileType = sourcecode.swift; path = AuthorizationWebViewController.swift; sourceTree = "<group>"; };
		E940859029F9678D00E6F596 /* AuthorizationWebViewInput.swift */ = {isa = PBXFileReference; lastKnownFileType = sourcecode.swift; path = AuthorizationWebViewInput.swift; sourceTree = "<group>"; };
		E940859229F967AC00E6F596 /* AuthorizationWebViewOutput.swift */ = {isa = PBXFileReference; lastKnownFileType = sourcecode.swift; path = AuthorizationWebViewOutput.swift; sourceTree = "<group>"; };
		E940859529F9688B00E6F596 /* AuthorizationPresenter.swift */ = {isa = PBXFileReference; lastKnownFileType = sourcecode.swift; path = AuthorizationPresenter.swift; sourceTree = "<group>"; };
		E940859729F968E300E6F596 /* AuthorizationModuleOutput.swift */ = {isa = PBXFileReference; lastKnownFileType = sourcecode.swift; path = AuthorizationModuleOutput.swift; sourceTree = "<group>"; };
		E940859929F96A1B00E6F596 /* AuthorizationAssembly.swift */ = {isa = PBXFileReference; lastKnownFileType = sourcecode.swift; path = AuthorizationAssembly.swift; sourceTree = "<group>"; };
		E95202E129FAFE1E005D0001 /* APIModels.swift */ = {isa = PBXFileReference; lastKnownFileType = sourcecode.swift; path = APIModels.swift; sourceTree = "<group>"; };
		E95202E429FB7906005D0001 /* PhotoCollectionServiceProtocol.swift */ = {isa = PBXFileReference; lastKnownFileType = sourcecode.swift; path = PhotoCollectionServiceProtocol.swift; sourceTree = "<group>"; };
		E95202E629FB792C005D0001 /* PhotoCollectionService.swift */ = {isa = PBXFileReference; lastKnownFileType = sourcecode.swift; path = PhotoCollectionService.swift; sourceTree = "<group>"; };
		E95202E929FB7B21005D0001 /* PhotoModel.swift */ = {isa = PBXFileReference; lastKnownFileType = sourcecode.swift; path = PhotoModel.swift; sourceTree = "<group>"; };
		E95202EB29FB7BF8005D0001 /* VKErrorModel.swift */ = {isa = PBXFileReference; lastKnownFileType = sourcecode.swift; path = VKErrorModel.swift; sourceTree = "<group>"; };
		E95202EE29FBA4D2005D0001 /* ImageServiceProtocol.swift */ = {isa = PBXFileReference; lastKnownFileType = sourcecode.swift; path = ImageServiceProtocol.swift; sourceTree = "<group>"; };
		E95202F029FBA4E0005D0001 /* ImageService.swift */ = {isa = PBXFileReference; lastKnownFileType = sourcecode.swift; path = ImageService.swift; sourceTree = "<group>"; };
		E9B1533029FA60F6009CCB3E /* KeyChainServiceProtocol.swift */ = {isa = PBXFileReference; lastKnownFileType = sourcecode.swift; path = KeyChainServiceProtocol.swift; sourceTree = "<group>"; };
		E9B1533229FA6102009CCB3E /* KeyChainService.swift */ = {isa = PBXFileReference; lastKnownFileType = sourcecode.swift; path = KeyChainService.swift; sourceTree = "<group>"; };
		E9B1533729FA9401009CCB3E /* PhotoCollectionViewController.swift */ = {isa = PBXFileReference; lastKnownFileType = sourcecode.swift; path = PhotoCollectionViewController.swift; sourceTree = "<group>"; };
		E9B1533929FA9428009CCB3E /* PhotoCollectionViewInput.swift */ = {isa = PBXFileReference; lastKnownFileType = sourcecode.swift; path = PhotoCollectionViewInput.swift; sourceTree = "<group>"; };
		E9B1533B29FA94A8009CCB3E /* PhotoCollectionViewOutput.swift */ = {isa = PBXFileReference; lastKnownFileType = sourcecode.swift; path = PhotoCollectionViewOutput.swift; sourceTree = "<group>"; };
		E9B1533D29FA952A009CCB3E /* PhotoCollectionPresenter.swift */ = {isa = PBXFileReference; lastKnownFileType = sourcecode.swift; path = PhotoCollectionPresenter.swift; sourceTree = "<group>"; };
		E9B1533F29FA9567009CCB3E /* PhotoCollectionModuleOutput.swift */ = {isa = PBXFileReference; lastKnownFileType = sourcecode.swift; path = PhotoCollectionModuleOutput.swift; sourceTree = "<group>"; };
		E9B1534129FA95EB009CCB3E /* PhotoCollectionAssembly.swift */ = {isa = PBXFileReference; lastKnownFileType = sourcecode.swift; path = PhotoCollectionAssembly.swift; sourceTree = "<group>"; };
		E9B1534429FAB99E009CCB3E /* PhotoCollectionViewCell.swift */ = {isa = PBXFileReference; lastKnownFileType = sourcecode.swift; path = PhotoCollectionViewCell.swift; sourceTree = "<group>"; };
		E9CEB8B829F7C16800CA1759 /* LoginViewController.swift */ = {isa = PBXFileReference; lastKnownFileType = sourcecode.swift; path = LoginViewController.swift; sourceTree = "<group>"; };
		E9CEB8BA29F7C1FD00CA1759 /* LoginPresenter.swift */ = {isa = PBXFileReference; lastKnownFileType = sourcecode.swift; path = LoginPresenter.swift; sourceTree = "<group>"; };
		E9CEB8BC29F7C28D00CA1759 /* LoginModuleOutput.swift */ = {isa = PBXFileReference; lastKnownFileType = sourcecode.swift; path = LoginModuleOutput.swift; sourceTree = "<group>"; };
		E9CEB8C029F7C2EF00CA1759 /* NetworkService.swift */ = {isa = PBXFileReference; lastKnownFileType = sourcecode.swift; path = NetworkService.swift; sourceTree = "<group>"; };
		E9CEB8C229F7C33600CA1759 /* NetworkServiceProtocol.swift */ = {isa = PBXFileReference; lastKnownFileType = sourcecode.swift; path = NetworkServiceProtocol.swift; sourceTree = "<group>"; };
		E9CEB8C429F7C43A00CA1759 /* LoginViewInput.swift */ = {isa = PBXFileReference; lastKnownFileType = sourcecode.swift; path = LoginViewInput.swift; sourceTree = "<group>"; };
		E9CEB8C629F7C45F00CA1759 /* LoginViewOutput.swift */ = {isa = PBXFileReference; lastKnownFileType = sourcecode.swift; path = LoginViewOutput.swift; sourceTree = "<group>"; };
		E9CEB8C829F7C5CD00CA1759 /* AuthorizationService.swift */ = {isa = PBXFileReference; lastKnownFileType = sourcecode.swift; path = AuthorizationService.swift; sourceTree = "<group>"; };
		E9CEB8CB29F7C5FA00CA1759 /* AuthorizationServiceProtocol.swift */ = {isa = PBXFileReference; lastKnownFileType = sourcecode.swift; path = AuthorizationServiceProtocol.swift; sourceTree = "<group>"; };
		E9CEB8CE29F7C7FB00CA1759 /* ServiceAssembly.swift */ = {isa = PBXFileReference; lastKnownFileType = sourcecode.swift; path = ServiceAssembly.swift; sourceTree = "<group>"; };
		E9CEB8D029F7C87A00CA1759 /* LoginAssembly.swift */ = {isa = PBXFileReference; lastKnownFileType = sourcecode.swift; path = LoginAssembly.swift; sourceTree = "<group>"; };
		E9CEB8D329F7C9C200CA1759 /* RootCoordinator.swift */ = {isa = PBXFileReference; lastKnownFileType = sourcecode.swift; path = RootCoordinator.swift; sourceTree = "<group>"; };
		E9CEB8D729F7DCCC00CA1759 /* ru */ = {isa = PBXFileReference; lastKnownFileType = text.plist.strings; name = ru; path = ru.lproj/LaunchScreen.strings; sourceTree = "<group>"; };
		E9CEB8D929F7DCD800CA1759 /* ru */ = {isa = PBXFileReference; lastKnownFileType = text.plist.strings; name = ru; path = ru.lproj/Localizable.strings; sourceTree = "<group>"; };
		E9CEB8DB29F7DCDA00CA1759 /* en */ = {isa = PBXFileReference; lastKnownFileType = text.plist.strings; name = en; path = en.lproj/Localizable.strings; sourceTree = "<group>"; };
		E9CEB8DD29F7DCF400CA1759 /* en */ = {isa = PBXFileReference; lastKnownFileType = text.plist.strings; name = en; path = en.lproj/LaunchScreen.strings; sourceTree = "<group>"; };
/* End PBXFileReference section */

/* Begin PBXFrameworksBuildPhase section */
		E936290C29F6C75400FB7FA5 /* Frameworks */ = {
			isa = PBXFrameworksBuildPhase;
			buildActionMask = 2147483647;
			files = (
				9B4AD16E402A261F16FCD682 /* Pods_MobileUpGallery.framework in Frameworks */,
			);
			runOnlyForDeploymentPostprocessing = 0;
		};
/* End PBXFrameworksBuildPhase section */

/* Begin PBXGroup section */
		010E64AD62CF04F657C72FD7 /* Frameworks */ = {
			isa = PBXGroup;
			children = (
				1CE22C276B65BDCD7D1108CE /* Pods_MobileUpGallery.framework */,
			);
			name = Frameworks;
			sourceTree = "<group>";
		};
		408B555B909A1338273BC389 /* Pods */ = {
			isa = PBXGroup;
			children = (
				E16C624E81B89E5C02F438C1 /* Pods-MobileUpGallery.debug.xcconfig */,
				79BBF295A3876DF2F6559A7A /* Pods-MobileUpGallery.release.xcconfig */,
			);
			path = Pods;
			sourceTree = "<group>";
		};
		E936290629F6C75400FB7FA5 = {
			isa = PBXGroup;
			children = (
				E936291129F6C75400FB7FA5 /* MobileUpGallery */,
				E936291029F6C75400FB7FA5 /* Products */,
				408B555B909A1338273BC389 /* Pods */,
				010E64AD62CF04F657C72FD7 /* Frameworks */,
			);
			sourceTree = "<group>";
		};
		E936291029F6C75400FB7FA5 /* Products */ = {
			isa = PBXGroup;
			children = (
				E936290F29F6C75400FB7FA5 /* MobileUpGallery.app */,
			);
			name = Products;
			sourceTree = "<group>";
		};
		E936291129F6C75400FB7FA5 /* MobileUpGallery */ = {
			isa = PBXGroup;
			children = (
				E9CEB8D229F7C9B200CA1759 /* Coordinators */,
				E9CEB8CD29F7C7D100CA1759 /* Assembly */,
				E9CEB8B429F7C10D00CA1759 /* Modules */,
				E95202E829FB7A84005D0001 /* Models */,
				E9CEB8BE29F7C2D000CA1759 /* Services */,
				E936292629F6C8A500FB7FA5 /* App */,
				E936292729F6C8BA00FB7FA5 /* Resources */,
			);
			path = MobileUpGallery;
			sourceTree = "<group>";
		};
		E936292629F6C8A500FB7FA5 /* App */ = {
			isa = PBXGroup;
			children = (
				E936291229F6C75400FB7FA5 /* AppDelegate.swift */,
				E936292029F6C75900FB7FA5 /* Info.plist */,
			);
			path = App;
			sourceTree = "<group>";
		};
		E936292729F6C8BA00FB7FA5 /* Resources */ = {
			isa = PBXGroup;
			children = (
				E936291D29F6C75900FB7FA5 /* LaunchScreen.storyboard */,
				E936291B29F6C75900FB7FA5 /* Assets.xcassets */,
				E9CEB8DA29F7DCD800CA1759 /* Localizable.strings */,
			);
			path = Resources;
			sourceTree = "<group>";
		};
		E940858C29F9612100E6F596 /* Authorization */ = {
			isa = PBXGroup;
			children = (
				E940858D29F9613800E6F596 /* AuthorizationWebViewController */,
				E940859429F9686B00E6F596 /* AuthorizationPresenter */,
			);
			path = Authorization;
			sourceTree = "<group>";
		};
		E940858D29F9613800E6F596 /* AuthorizationWebViewController */ = {
			isa = PBXGroup;
			children = (
				E940858E29F9677400E6F596 /* AuthorizationWebViewController.swift */,
				E940859029F9678D00E6F596 /* AuthorizationWebViewInput.swift */,
				E940859229F967AC00E6F596 /* AuthorizationWebViewOutput.swift */,
			);
			path = AuthorizationWebViewController;
			sourceTree = "<group>";
		};
		E940859429F9686B00E6F596 /* AuthorizationPresenter */ = {
			isa = PBXGroup;
			children = (
				E940859529F9688B00E6F596 /* AuthorizationPresenter.swift */,
				E940859729F968E300E6F596 /* AuthorizationModuleOutput.swift */,
			);
			path = AuthorizationPresenter;
			sourceTree = "<group>";
		};
		E95202E029FAFE07005D0001 /* API */ = {
			isa = PBXGroup;
			children = (
				E95202E129FAFE1E005D0001 /* APIModels.swift */,
			);
			path = API;
			sourceTree = "<group>";
		};
		E95202E329FB78BD005D0001 /* PhotoCollectionService */ = {
			isa = PBXGroup;
			children = (
				E95202E429FB7906005D0001 /* PhotoCollectionServiceProtocol.swift */,
				E95202E629FB792C005D0001 /* PhotoCollectionService.swift */,
			);
			path = PhotoCollectionService;
			sourceTree = "<group>";
		};
		E95202E829FB7A84005D0001 /* Models */ = {
			isa = PBXGroup;
			children = (
				E95202E929FB7B21005D0001 /* PhotoModel.swift */,
				E95202EB29FB7BF8005D0001 /* VKErrorModel.swift */,
			);
			path = Models;
			sourceTree = "<group>";
		};
		E95202ED29FBA4B4005D0001 /* ImageService */ = {
			isa = PBXGroup;
			children = (
				E95202EE29FBA4D2005D0001 /* ImageServiceProtocol.swift */,
				E95202F029FBA4E0005D0001 /* ImageService.swift */,
			);
			path = ImageService;
			sourceTree = "<group>";
		};
		E9B1532F29FA60D6009CCB3E /* KeyChainService */ = {
			isa = PBXGroup;
			children = (
				E9B1533029FA60F6009CCB3E /* KeyChainServiceProtocol.swift */,
				E9B1533229FA6102009CCB3E /* KeyChainService.swift */,
			);
			path = KeyChainService;
			sourceTree = "<group>";
		};
		E9B1533429FA939E009CCB3E /* PhotoCollection */ = {
			isa = PBXGroup;
			children = (
				E9B1533529FA93CA009CCB3E /* PhotoCollectionViewController */,
				E9B1533629FA93D5009CCB3E /* PhotoCollectionPresenter */,
			);
			path = PhotoCollection;
			sourceTree = "<group>";
		};
		E9B1533529FA93CA009CCB3E /* PhotoCollectionViewController */ = {
			isa = PBXGroup;
			children = (
				E9B1534329FAB97F009CCB3E /* Cell */,
				E9B1533729FA9401009CCB3E /* PhotoCollectionViewController.swift */,
				E9B1533929FA9428009CCB3E /* PhotoCollectionViewInput.swift */,
				E9B1533B29FA94A8009CCB3E /* PhotoCollectionViewOutput.swift */,
			);
			path = PhotoCollectionViewController;
			sourceTree = "<group>";
		};
		E9B1533629FA93D5009CCB3E /* PhotoCollectionPresenter */ = {
			isa = PBXGroup;
			children = (
				E9B1533D29FA952A009CCB3E /* PhotoCollectionPresenter.swift */,
				E9B1533F29FA9567009CCB3E /* PhotoCollectionModuleOutput.swift */,
			);
			path = PhotoCollectionPresenter;
			sourceTree = "<group>";
		};
		E9B1534329FAB97F009CCB3E /* Cell */ = {
			isa = PBXGroup;
			children = (
				E9B1534429FAB99E009CCB3E /* PhotoCollectionViewCell.swift */,
			);
			path = Cell;
			sourceTree = "<group>";
		};
		E9CEB8B429F7C10D00CA1759 /* Modules */ = {
			isa = PBXGroup;
			children = (
				E9CEB8B529F7C11F00CA1759 /* Login */,
				E940858C29F9612100E6F596 /* Authorization */,
				E9B1533429FA939E009CCB3E /* PhotoCollection */,
			);
			path = Modules;
			sourceTree = "<group>";
		};
		E9CEB8B529F7C11F00CA1759 /* Login */ = {
			isa = PBXGroup;
			children = (
				E9CEB8B629F7C12A00CA1759 /* View */,
				E9CEB8B729F7C12F00CA1759 /* Presenter */,
			);
			path = Login;
			sourceTree = "<group>";
		};
		E9CEB8B629F7C12A00CA1759 /* View */ = {
			isa = PBXGroup;
			children = (
				E9CEB8B829F7C16800CA1759 /* LoginViewController.swift */,
				E9CEB8C429F7C43A00CA1759 /* LoginViewInput.swift */,
				E9CEB8C629F7C45F00CA1759 /* LoginViewOutput.swift */,
			);
			path = View;
			sourceTree = "<group>";
		};
		E9CEB8B729F7C12F00CA1759 /* Presenter */ = {
			isa = PBXGroup;
			children = (
				E9CEB8BA29F7C1FD00CA1759 /* LoginPresenter.swift */,
				E9CEB8BC29F7C28D00CA1759 /* LoginModuleOutput.swift */,
			);
			path = Presenter;
			sourceTree = "<group>";
		};
		E9CEB8BE29F7C2D000CA1759 /* Services */ = {
			isa = PBXGroup;
			children = (
				E9B1532F29FA60D6009CCB3E /* KeyChainService */,
				E9CEB8CA29F7C5D800CA1759 /* AuthorizationService */,
				E95202E329FB78BD005D0001 /* PhotoCollectionService */,
				E95202ED29FBA4B4005D0001 /* ImageService */,
				E9CEB8BF29F7C2DB00CA1759 /* Network */,
			);
			path = Services;
			sourceTree = "<group>";
		};
		E9CEB8BF29F7C2DB00CA1759 /* Network */ = {
			isa = PBXGroup;
			children = (
				E95202E029FAFE07005D0001 /* API */,
				E9CEB8C029F7C2EF00CA1759 /* NetworkService.swift */,
				E9CEB8C229F7C33600CA1759 /* NetworkServiceProtocol.swift */,
			);
			path = Network;
			sourceTree = "<group>";
		};
		E9CEB8CA29F7C5D800CA1759 /* AuthorizationService */ = {
			isa = PBXGroup;
			children = (
				E9CEB8CB29F7C5FA00CA1759 /* AuthorizationServiceProtocol.swift */,
				E9CEB8C829F7C5CD00CA1759 /* AuthorizationService.swift */,
			);
			path = AuthorizationService;
			sourceTree = "<group>";
		};
		E9CEB8CD29F7C7D100CA1759 /* Assembly */ = {
			isa = PBXGroup;
			children = (
				E9CEB8CE29F7C7FB00CA1759 /* ServiceAssembly.swift */,
				E9CEB8D029F7C87A00CA1759 /* LoginAssembly.swift */,
				E940859929F96A1B00E6F596 /* AuthorizationAssembly.swift */,
				E9B1534129FA95EB009CCB3E /* PhotoCollectionAssembly.swift */,
			);
			path = Assembly;
			sourceTree = "<group>";
		};
		E9CEB8D229F7C9B200CA1759 /* Coordinators */ = {
			isa = PBXGroup;
			children = (
				E9CEB8D329F7C9C200CA1759 /* RootCoordinator.swift */,
			);
			path = Coordinators;
			sourceTree = "<group>";
		};
/* End PBXGroup section */

/* Begin PBXNativeTarget section */
		E936290E29F6C75400FB7FA5 /* MobileUpGallery */ = {
			isa = PBXNativeTarget;
			buildConfigurationList = E936292329F6C75900FB7FA5 /* Build configuration list for PBXNativeTarget "MobileUpGallery" */;
			buildPhases = (
				1B545810752B98F62B75DC27 /* [CP] Check Pods Manifest.lock */,
				E936292929F6E78400FB7FA5 /* Swiftlint Script */,
				E936290B29F6C75400FB7FA5 /* Sources */,
				E936290C29F6C75400FB7FA5 /* Frameworks */,
				E936290D29F6C75400FB7FA5 /* Resources */,
				61E16CBDD6D1B81B5F29DC9D /* [CP] Embed Pods Frameworks */,
			);
			buildRules = (
			);
			dependencies = (
			);
			name = MobileUpGallery;
			productName = MobileUpGallery;
			productReference = E936290F29F6C75400FB7FA5 /* MobileUpGallery.app */;
			productType = "com.apple.product-type.application";
		};
/* End PBXNativeTarget section */

/* Begin PBXProject section */
		E936290729F6C75400FB7FA5 /* Project object */ = {
			isa = PBXProject;
			attributes = {
				BuildIndependentTargetsInParallel = 1;
				LastSwiftUpdateCheck = 1420;
				LastUpgradeCheck = 1420;
				TargetAttributes = {
					E936290E29F6C75400FB7FA5 = {
						CreatedOnToolsVersion = 14.2;
					};
				};
			};
			buildConfigurationList = E936290A29F6C75400FB7FA5 /* Build configuration list for PBXProject "MobileUpGallery" */;
			compatibilityVersion = "Xcode 14.0";
			developmentRegion = en;
			hasScannedForEncodings = 0;
			knownRegions = (
				en,
				Base,
				ru,
			);
			mainGroup = E936290629F6C75400FB7FA5;
			productRefGroup = E936291029F6C75400FB7FA5 /* Products */;
			projectDirPath = "";
			projectRoot = "";
			targets = (
				E936290E29F6C75400FB7FA5 /* MobileUpGallery */,
			);
		};
/* End PBXProject section */

/* Begin PBXResourcesBuildPhase section */
		E936290D29F6C75400FB7FA5 /* Resources */ = {
			isa = PBXResourcesBuildPhase;
			buildActionMask = 2147483647;
			files = (
				E936291F29F6C75900FB7FA5 /* LaunchScreen.storyboard in Resources */,
				E9CEB8D829F7DCD800CA1759 /* Localizable.strings in Resources */,
				E936291C29F6C75900FB7FA5 /* Assets.xcassets in Resources */,
			);
			runOnlyForDeploymentPostprocessing = 0;
		};
/* End PBXResourcesBuildPhase section */

/* Begin PBXShellScriptBuildPhase section */
		1B545810752B98F62B75DC27 /* [CP] Check Pods Manifest.lock */ = {
			isa = PBXShellScriptBuildPhase;
			buildActionMask = 2147483647;
			files = (
			);
			inputFileListPaths = (
			);
			inputPaths = (
				"${PODS_PODFILE_DIR_PATH}/Podfile.lock",
				"${PODS_ROOT}/Manifest.lock",
			);
			name = "[CP] Check Pods Manifest.lock";
			outputFileListPaths = (
			);
			outputPaths = (
				"$(DERIVED_FILE_DIR)/Pods-MobileUpGallery-checkManifestLockResult.txt",
			);
			runOnlyForDeploymentPostprocessing = 0;
			shellPath = /bin/sh;
			shellScript = "diff \"${PODS_PODFILE_DIR_PATH}/Podfile.lock\" \"${PODS_ROOT}/Manifest.lock\" > /dev/null\nif [ $? != 0 ] ; then\n    # print error to STDERR\n    echo \"error: The sandbox is not in sync with the Podfile.lock. Run 'pod install' or update your CocoaPods installation.\" >&2\n    exit 1\nfi\n# This output is used by Xcode 'outputs' to avoid re-running this script phase.\necho \"SUCCESS\" > \"${SCRIPT_OUTPUT_FILE_0}\"\n";
			showEnvVarsInLog = 0;
		};
		61E16CBDD6D1B81B5F29DC9D /* [CP] Embed Pods Frameworks */ = {
			isa = PBXShellScriptBuildPhase;
			buildActionMask = 2147483647;
			files = (
			);
			inputFileListPaths = (
				"${PODS_ROOT}/Target Support Files/Pods-MobileUpGallery/Pods-MobileUpGallery-frameworks-${CONFIGURATION}-input-files.xcfilelist",
			);
			name = "[CP] Embed Pods Frameworks";
			outputFileListPaths = (
				"${PODS_ROOT}/Target Support Files/Pods-MobileUpGallery/Pods-MobileUpGallery-frameworks-${CONFIGURATION}-output-files.xcfilelist",
			);
			runOnlyForDeploymentPostprocessing = 0;
			shellPath = /bin/sh;
			shellScript = "\"${PODS_ROOT}/Target Support Files/Pods-MobileUpGallery/Pods-MobileUpGallery-frameworks.sh\"\n";
			showEnvVarsInLog = 0;
		};
		E936292929F6E78400FB7FA5 /* Swiftlint Script */ = {
			isa = PBXShellScriptBuildPhase;
			alwaysOutOfDate = 1;
			buildActionMask = 2147483647;
			files = (
			);
			inputFileListPaths = (
			);
			inputPaths = (
			);
			name = "Swiftlint Script";
			outputFileListPaths = (
			);
			outputPaths = (
			);
			runOnlyForDeploymentPostprocessing = 0;
			shellPath = /bin/sh;
			shellScript = "${PODS_ROOT}/SwiftLint/swiftlint\n";
		};
/* End PBXShellScriptBuildPhase section */

/* Begin PBXSourcesBuildPhase section */
		E936290B29F6C75400FB7FA5 /* Sources */ = {
			isa = PBXSourcesBuildPhase;
			buildActionMask = 2147483647;
			files = (
				E940859629F9688B00E6F596 /* AuthorizationPresenter.swift in Sources */,
				E9B1534029FA9567009CCB3E /* PhotoCollectionModuleOutput.swift in Sources */,
				E9CEB8C929F7C5CD00CA1759 /* AuthorizationService.swift in Sources */,
				E9B1533A29FA9428009CCB3E /* PhotoCollectionViewInput.swift in Sources */,
				E940859829F968E300E6F596 /* AuthorizationModuleOutput.swift in Sources */,
				E9B1533C29FA94A8009CCB3E /* PhotoCollectionViewOutput.swift in Sources */,
				E9CEB8CC29F7C5FA00CA1759 /* AuthorizationServiceProtocol.swift in Sources */,
				E9CEB8C129F7C2EF00CA1759 /* NetworkService.swift in Sources */,
				E940859129F9678D00E6F596 /* AuthorizationWebViewInput.swift in Sources */,
				E940858F29F9677400E6F596 /* AuthorizationWebViewController.swift in Sources */,
				E9CEB8D129F7C87A00CA1759 /* LoginAssembly.swift in Sources */,
				E940859329F967AC00E6F596 /* AuthorizationWebViewOutput.swift in Sources */,
				E9B1533329FA6102009CCB3E /* KeyChainService.swift in Sources */,
				E95202F129FBA4E0005D0001 /* ImageService.swift in Sources */,
				E95202EF29FBA4D2005D0001 /* ImageServiceProtocol.swift in Sources */,
				E95202E729FB792C005D0001 /* PhotoCollectionService.swift in Sources */,
				E9CEB8C529F7C43A00CA1759 /* LoginViewInput.swift in Sources */,
				E9CEB8BB29F7C1FD00CA1759 /* LoginPresenter.swift in Sources */,
				E95202EA29FB7B21005D0001 /* PhotoModel.swift in Sources */,
				E9CEB8C329F7C33600CA1759 /* NetworkServiceProtocol.swift in Sources */,
				E9CEB8B929F7C16800CA1759 /* LoginViewController.swift in Sources */,
				E9CEB8CF29F7C7FB00CA1759 /* ServiceAssembly.swift in Sources */,
				E95202EC29FB7BF8005D0001 /* VKErrorModel.swift in Sources */,
				E9CEB8C729F7C45F00CA1759 /* LoginViewOutput.swift in Sources */,
				E9B1534229FA95EB009CCB3E /* PhotoCollectionAssembly.swift in Sources */,
				E9B1533E29FA952A009CCB3E /* PhotoCollectionPresenter.swift in Sources */,
				E940859A29F96A1B00E6F596 /* AuthorizationAssembly.swift in Sources */,
				E9CEB8D429F7C9C200CA1759 /* RootCoordinator.swift in Sources */,
				E9CEB8BD29F7C28D00CA1759 /* LoginModuleOutput.swift in Sources */,
				E95202E529FB7906005D0001 /* PhotoCollectionServiceProtocol.swift in Sources */,
				E9B1533829FA9401009CCB3E /* PhotoCollectionViewController.swift in Sources */,
				E9B1534529FAB99E009CCB3E /* PhotoCollectionViewCell.swift in Sources */,
				E95202E229FAFE1E005D0001 /* APIModels.swift in Sources */,
				E936291329F6C75400FB7FA5 /* AppDelegate.swift in Sources */,
				E9B1533129FA60F6009CCB3E /* KeyChainServiceProtocol.swift in Sources */,
			);
			runOnlyForDeploymentPostprocessing = 0;
		};
/* End PBXSourcesBuildPhase section */

/* Begin PBXVariantGroup section */
		E936291D29F6C75900FB7FA5 /* LaunchScreen.storyboard */ = {
			isa = PBXVariantGroup;
			children = (
				E936291E29F6C75900FB7FA5 /* Base */,
				E9CEB8D729F7DCCC00CA1759 /* ru */,
				E9CEB8DD29F7DCF400CA1759 /* en */,
			);
			name = LaunchScreen.storyboard;
			sourceTree = "<group>";
		};
		E9CEB8DA29F7DCD800CA1759 /* Localizable.strings */ = {
			isa = PBXVariantGroup;
			children = (
				E9CEB8D929F7DCD800CA1759 /* ru */,
				E9CEB8DB29F7DCDA00CA1759 /* en */,
			);
			name = Localizable.strings;
			sourceTree = "<group>";
		};
/* End PBXVariantGroup section */

/* Begin XCBuildConfiguration section */
		E936292129F6C75900FB7FA5 /* Debug */ = {
			isa = XCBuildConfiguration;
			buildSettings = {
				ALWAYS_SEARCH_USER_PATHS = NO;
				CLANG_ANALYZER_LOCALIZABILITY_NONLOCALIZED = YES;
				CLANG_ANALYZER_NONNULL = YES;
				CLANG_ANALYZER_NUMBER_OBJECT_CONVERSION = YES_AGGRESSIVE;
				CLANG_CXX_LANGUAGE_STANDARD = "gnu++20";
				CLANG_ENABLE_MODULES = YES;
				CLANG_ENABLE_OBJC_ARC = YES;
				CLANG_ENABLE_OBJC_WEAK = YES;
				CLANG_WARN_BLOCK_CAPTURE_AUTORELEASING = YES;
				CLANG_WARN_BOOL_CONVERSION = YES;
				CLANG_WARN_COMMA = YES;
				CLANG_WARN_CONSTANT_CONVERSION = YES;
				CLANG_WARN_DEPRECATED_OBJC_IMPLEMENTATIONS = YES;
				CLANG_WARN_DIRECT_OBJC_ISA_USAGE = YES_ERROR;
				CLANG_WARN_DOCUMENTATION_COMMENTS = YES;
				CLANG_WARN_EMPTY_BODY = YES;
				CLANG_WARN_ENUM_CONVERSION = YES;
				CLANG_WARN_INFINITE_RECURSION = YES;
				CLANG_WARN_INT_CONVERSION = YES;
				CLANG_WARN_NON_LITERAL_NULL_CONVERSION = YES;
				CLANG_WARN_OBJC_IMPLICIT_RETAIN_SELF = YES;
				CLANG_WARN_OBJC_LITERAL_CONVERSION = YES;
				CLANG_WARN_OBJC_ROOT_CLASS = YES_ERROR;
				CLANG_WARN_QUOTED_INCLUDE_IN_FRAMEWORK_HEADER = YES;
				CLANG_WARN_RANGE_LOOP_ANALYSIS = YES;
				CLANG_WARN_STRICT_PROTOTYPES = YES;
				CLANG_WARN_SUSPICIOUS_MOVE = YES;
				CLANG_WARN_UNGUARDED_AVAILABILITY = YES_AGGRESSIVE;
				CLANG_WARN_UNREACHABLE_CODE = YES;
				CLANG_WARN__DUPLICATE_METHOD_MATCH = YES;
				COPY_PHASE_STRIP = NO;
				DEBUG_INFORMATION_FORMAT = dwarf;
				ENABLE_STRICT_OBJC_MSGSEND = YES;
				ENABLE_TESTABILITY = YES;
				GCC_C_LANGUAGE_STANDARD = gnu11;
				GCC_DYNAMIC_NO_PIC = NO;
				GCC_NO_COMMON_BLOCKS = YES;
				GCC_OPTIMIZATION_LEVEL = 0;
				GCC_PREPROCESSOR_DEFINITIONS = (
					"DEBUG=1",
					"$(inherited)",
				);
				GCC_WARN_64_TO_32_BIT_CONVERSION = YES;
				GCC_WARN_ABOUT_RETURN_TYPE = YES_ERROR;
				GCC_WARN_UNDECLARED_SELECTOR = YES;
				GCC_WARN_UNINITIALIZED_AUTOS = YES_AGGRESSIVE;
				GCC_WARN_UNUSED_FUNCTION = YES;
				GCC_WARN_UNUSED_VARIABLE = YES;
				IPHONEOS_DEPLOYMENT_TARGET = 14.0;
				MTL_ENABLE_DEBUG_INFO = INCLUDE_SOURCE;
				MTL_FAST_MATH = YES;
				ONLY_ACTIVE_ARCH = YES;
				SDKROOT = iphoneos;
				SWIFT_ACTIVE_COMPILATION_CONDITIONS = DEBUG;
				SWIFT_OPTIMIZATION_LEVEL = "-Onone";
			};
			name = Debug;
		};
		E936292229F6C75900FB7FA5 /* Release */ = {
			isa = XCBuildConfiguration;
			buildSettings = {
				ALWAYS_SEARCH_USER_PATHS = NO;
				CLANG_ANALYZER_LOCALIZABILITY_NONLOCALIZED = YES;
				CLANG_ANALYZER_NONNULL = YES;
				CLANG_ANALYZER_NUMBER_OBJECT_CONVERSION = YES_AGGRESSIVE;
				CLANG_CXX_LANGUAGE_STANDARD = "gnu++20";
				CLANG_ENABLE_MODULES = YES;
				CLANG_ENABLE_OBJC_ARC = YES;
				CLANG_ENABLE_OBJC_WEAK = YES;
				CLANG_WARN_BLOCK_CAPTURE_AUTORELEASING = YES;
				CLANG_WARN_BOOL_CONVERSION = YES;
				CLANG_WARN_COMMA = YES;
				CLANG_WARN_CONSTANT_CONVERSION = YES;
				CLANG_WARN_DEPRECATED_OBJC_IMPLEMENTATIONS = YES;
				CLANG_WARN_DIRECT_OBJC_ISA_USAGE = YES_ERROR;
				CLANG_WARN_DOCUMENTATION_COMMENTS = YES;
				CLANG_WARN_EMPTY_BODY = YES;
				CLANG_WARN_ENUM_CONVERSION = YES;
				CLANG_WARN_INFINITE_RECURSION = YES;
				CLANG_WARN_INT_CONVERSION = YES;
				CLANG_WARN_NON_LITERAL_NULL_CONVERSION = YES;
				CLANG_WARN_OBJC_IMPLICIT_RETAIN_SELF = YES;
				CLANG_WARN_OBJC_LITERAL_CONVERSION = YES;
				CLANG_WARN_OBJC_ROOT_CLASS = YES_ERROR;
				CLANG_WARN_QUOTED_INCLUDE_IN_FRAMEWORK_HEADER = YES;
				CLANG_WARN_RANGE_LOOP_ANALYSIS = YES;
				CLANG_WARN_STRICT_PROTOTYPES = YES;
				CLANG_WARN_SUSPICIOUS_MOVE = YES;
				CLANG_WARN_UNGUARDED_AVAILABILITY = YES_AGGRESSIVE;
				CLANG_WARN_UNREACHABLE_CODE = YES;
				CLANG_WARN__DUPLICATE_METHOD_MATCH = YES;
				COPY_PHASE_STRIP = NO;
				DEBUG_INFORMATION_FORMAT = "dwarf-with-dsym";
				ENABLE_NS_ASSERTIONS = NO;
				ENABLE_STRICT_OBJC_MSGSEND = YES;
				GCC_C_LANGUAGE_STANDARD = gnu11;
				GCC_NO_COMMON_BLOCKS = YES;
				GCC_WARN_64_TO_32_BIT_CONVERSION = YES;
				GCC_WARN_ABOUT_RETURN_TYPE = YES_ERROR;
				GCC_WARN_UNDECLARED_SELECTOR = YES;
				GCC_WARN_UNINITIALIZED_AUTOS = YES_AGGRESSIVE;
				GCC_WARN_UNUSED_FUNCTION = YES;
				GCC_WARN_UNUSED_VARIABLE = YES;
				IPHONEOS_DEPLOYMENT_TARGET = 14.0;
				MTL_ENABLE_DEBUG_INFO = NO;
				MTL_FAST_MATH = YES;
				SDKROOT = iphoneos;
				SWIFT_COMPILATION_MODE = wholemodule;
				SWIFT_OPTIMIZATION_LEVEL = "-O";
				VALIDATE_PRODUCT = YES;
			};
			name = Release;
		};
		E936292429F6C75900FB7FA5 /* Debug */ = {
			isa = XCBuildConfiguration;
			baseConfigurationReference = E16C624E81B89E5C02F438C1 /* Pods-MobileUpGallery.debug.xcconfig */;
			buildSettings = {
				ASSETCATALOG_COMPILER_APPICON_NAME = AppIcon;
				ASSETCATALOG_COMPILER_GLOBAL_ACCENT_COLOR_NAME = AccentColor;
				CODE_SIGN_STYLE = Automatic;
				CURRENT_PROJECT_VERSION = 1;
				DEVELOPMENT_TEAM = MQR7F3P9GY;
				GENERATE_INFOPLIST_FILE = YES;
				INFOPLIST_FILE = MobileUpGallery/App/Info.plist;
				INFOPLIST_KEY_UIApplicationSupportsIndirectInputEvents = YES;
				INFOPLIST_KEY_UILaunchStoryboardName = LaunchScreen;
				INFOPLIST_KEY_UISupportedInterfaceOrientations = UIInterfaceOrientationPortrait;
				INFOPLIST_KEY_UISupportedInterfaceOrientations_iPad = "UIInterfaceOrientationLandscapeLeft UIInterfaceOrientationLandscapeRight UIInterfaceOrientationPortrait UIInterfaceOrientationPortraitUpsideDown";
				IPHONEOS_DEPLOYMENT_TARGET = 14.0;
				LD_RUNPATH_SEARCH_PATHS = (
					"$(inherited)",
					"@executable_path/Frameworks",
				);
				MARKETING_VERSION = 1.0;
				PRODUCT_BUNDLE_IDENTIFIER = upaffy.MobileUpGallery;
				PRODUCT_NAME = "$(TARGET_NAME)";
				SUPPORTED_PLATFORMS = "iphoneos iphonesimulator";
				SUPPORTS_MACCATALYST = NO;
				SUPPORTS_MAC_DESIGNED_FOR_IPHONE_IPAD = NO;
				SWIFT_EMIT_LOC_STRINGS = YES;
				SWIFT_VERSION = 5.0;
				TARGETED_DEVICE_FAMILY = 1;
			};
			name = Debug;
		};
		E936292529F6C75900FB7FA5 /* Release */ = {
			isa = XCBuildConfiguration;
			baseConfigurationReference = 79BBF295A3876DF2F6559A7A /* Pods-MobileUpGallery.release.xcconfig */;
			buildSettings = {
				ASSETCATALOG_COMPILER_APPICON_NAME = AppIcon;
				ASSETCATALOG_COMPILER_GLOBAL_ACCENT_COLOR_NAME = AccentColor;
				CODE_SIGN_STYLE = Automatic;
				CURRENT_PROJECT_VERSION = 1;
				DEVELOPMENT_TEAM = MQR7F3P9GY;
				GENERATE_INFOPLIST_FILE = YES;
				INFOPLIST_FILE = MobileUpGallery/App/Info.plist;
				INFOPLIST_KEY_UIApplicationSupportsIndirectInputEvents = YES;
				INFOPLIST_KEY_UILaunchStoryboardName = LaunchScreen;
				INFOPLIST_KEY_UISupportedInterfaceOrientations = UIInterfaceOrientationPortrait;
				INFOPLIST_KEY_UISupportedInterfaceOrientations_iPad = "UIInterfaceOrientationLandscapeLeft UIInterfaceOrientationLandscapeRight UIInterfaceOrientationPortrait UIInterfaceOrientationPortraitUpsideDown";
				IPHONEOS_DEPLOYMENT_TARGET = 14.0;
				LD_RUNPATH_SEARCH_PATHS = (
					"$(inherited)",
					"@executable_path/Frameworks",
				);
				MARKETING_VERSION = 1.0;
				PRODUCT_BUNDLE_IDENTIFIER = upaffy.MobileUpGallery;
				PRODUCT_NAME = "$(TARGET_NAME)";
				SUPPORTED_PLATFORMS = "iphoneos iphonesimulator";
				SUPPORTS_MACCATALYST = NO;
				SUPPORTS_MAC_DESIGNED_FOR_IPHONE_IPAD = NO;
				SWIFT_EMIT_LOC_STRINGS = YES;
				SWIFT_VERSION = 5.0;
				TARGETED_DEVICE_FAMILY = 1;
			};
			name = Release;
		};
/* End XCBuildConfiguration section */

/* Begin XCConfigurationList section */
		E936290A29F6C75400FB7FA5 /* Build configuration list for PBXProject "MobileUpGallery" */ = {
			isa = XCConfigurationList;
			buildConfigurations = (
				E936292129F6C75900FB7FA5 /* Debug */,
				E936292229F6C75900FB7FA5 /* Release */,
			);
			defaultConfigurationIsVisible = 0;
			defaultConfigurationName = Release;
		};
		E936292329F6C75900FB7FA5 /* Build configuration list for PBXNativeTarget "MobileUpGallery" */ = {
			isa = XCConfigurationList;
			buildConfigurations = (
				E936292429F6C75900FB7FA5 /* Debug */,
				E936292529F6C75900FB7FA5 /* Release */,
			);
			defaultConfigurationIsVisible = 0;
			defaultConfigurationName = Release;
		};
/* End XCConfigurationList section */
	};
	rootObject = E936290729F6C75400FB7FA5 /* Project object */;
}
